// !$*UTF8*$!
{
	archiveVersion = 1;
	classes = {
	};
	objectVersion = 56;
	objects = {

/* Begin PBXBuildFile section */
		88633C1329A4B75B0095FFED /* GameController.swift in Sources */ = {isa = PBXBuildFile; fileRef = 88633C1229A4B75B0095FFED /* GameController.swift */; };
		88633C1629A4BDC70095FFED /* RageScene.sks in Resources */ = {isa = PBXBuildFile; fileRef = 88633C1529A4BDC70095FFED /* RageScene.sks */; };
		88633C1829A4BF020095FFED /* GroundPhysics.sks in Resources */ = {isa = PBXBuildFile; fileRef = 88633C1729A4BF020095FFED /* GroundPhysics.sks */; };
		88633C1C29A4BF4F0095FFED /* ExampleTiles.sks in Resources */ = {isa = PBXBuildFile; fileRef = 88633C1A29A4BF4F0095FFED /* ExampleTiles.sks */; };
		88633C1D29A4BF4F0095FFED /* Assets.xcassets in Resources */ = {isa = PBXBuildFile; fileRef = 88633C1B29A4BF4F0095FFED /* Assets.xcassets */; };
		88633C2629A63AE90095FFED /* SpriteComponent.swift in Sources */ = {isa = PBXBuildFile; fileRef = 88633C2529A63AE90095FFED /* SpriteComponent.swift */; };
		88633C3129A75B060095FFED /* Player.swift in Sources */ = {isa = PBXBuildFile; fileRef = 88633C3029A75B060095FFED /* Player.swift */; };
		88633C3329A75CD40095FFED /* EntityManager.swift in Sources */ = {isa = PBXBuildFile; fileRef = 88633C3229A75CD40095FFED /* EntityManager.swift */; };
		88633C3529A761310095FFED /* SceneManager.swift in Sources */ = {isa = PBXBuildFile; fileRef = 88633C3429A761310095FFED /* SceneManager.swift */; };
		88633C3729A7646E0095FFED /* PhysicsComponent.swift in Sources */ = {isa = PBXBuildFile; fileRef = 88633C3629A7646E0095FFED /* PhysicsComponent.swift */; };
		AC9747C1299CE49B005D525E /* GamemotionApp.swift in Sources */ = {isa = PBXBuildFile; fileRef = AC9747C0299CE49B005D525E /* GamemotionApp.swift */; };
		AC9747C3299CE49B005D525E /* ContentView.swift in Sources */ = {isa = PBXBuildFile; fileRef = AC9747C2299CE49B005D525E /* ContentView.swift */; };
		AC9747C5299CE49C005D525E /* Assets.xcassets in Resources */ = {isa = PBXBuildFile; fileRef = AC9747C4299CE49C005D525E /* Assets.xcassets */; };
		AC9747C8299CE49C005D525E /* Preview Assets.xcassets in Resources */ = {isa = PBXBuildFile; fileRef = AC9747C7299CE49C005D525E /* Preview Assets.xcassets */; };
		ACEDE18229A50BF7008C9A71 /* PrologueView.swift in Sources */ = {isa = PBXBuildFile; fileRef = ACEDE18129A50BF7008C9A71 /* PrologueView.swift */; };
/* End PBXBuildFile section */

/* Begin PBXFileReference section */
		88633C1229A4B75B0095FFED /* GameController.swift */ = {isa = PBXFileReference; lastKnownFileType = sourcecode.swift; path = GameController.swift; sourceTree = "<group>"; };
		88633C1529A4BDC70095FFED /* RageScene.sks */ = {isa = PBXFileReference; lastKnownFileType = file.sks; path = RageScene.sks; sourceTree = "<group>"; };
		88633C1729A4BF020095FFED /* GroundPhysics.sks */ = {isa = PBXFileReference; lastKnownFileType = file.sks; path = GroundPhysics.sks; sourceTree = "<group>"; };
		88633C1A29A4BF4F0095FFED /* ExampleTiles.sks */ = {isa = PBXFileReference; lastKnownFileType = file.sks; path = ExampleTiles.sks; sourceTree = "<group>"; };
		88633C1B29A4BF4F0095FFED /* Assets.xcassets */ = {isa = PBXFileReference; lastKnownFileType = folder.assetcatalog; path = Assets.xcassets; sourceTree = "<group>"; };
		88633C2529A63AE90095FFED /* SpriteComponent.swift */ = {isa = PBXFileReference; lastKnownFileType = sourcecode.swift; path = SpriteComponent.swift; sourceTree = "<group>"; };
		88633C3029A75B060095FFED /* Player.swift */ = {isa = PBXFileReference; lastKnownFileType = sourcecode.swift; path = Player.swift; sourceTree = "<group>"; };
		88633C3229A75CD40095FFED /* EntityManager.swift */ = {isa = PBXFileReference; lastKnownFileType = sourcecode.swift; path = EntityManager.swift; sourceTree = "<group>"; };
		88633C3429A761310095FFED /* SceneManager.swift */ = {isa = PBXFileReference; lastKnownFileType = sourcecode.swift; path = SceneManager.swift; sourceTree = "<group>"; };
		88633C3629A7646E0095FFED /* PhysicsComponent.swift */ = {isa = PBXFileReference; lastKnownFileType = sourcecode.swift; path = PhysicsComponent.swift; sourceTree = "<group>"; };
		AC9747BD299CE49B005D525E /* Gamemotion.app */ = {isa = PBXFileReference; explicitFileType = wrapper.application; includeInIndex = 0; path = Gamemotion.app; sourceTree = BUILT_PRODUCTS_DIR; };
		AC9747C0299CE49B005D525E /* GamemotionApp.swift */ = {isa = PBXFileReference; lastKnownFileType = sourcecode.swift; path = GamemotionApp.swift; sourceTree = "<group>"; };
		AC9747C2299CE49B005D525E /* ContentView.swift */ = {isa = PBXFileReference; lastKnownFileType = sourcecode.swift; path = ContentView.swift; sourceTree = "<group>"; };
		AC9747C4299CE49C005D525E /* Assets.xcassets */ = {isa = PBXFileReference; lastKnownFileType = folder.assetcatalog; path = Assets.xcassets; sourceTree = "<group>"; };
		AC9747C7299CE49C005D525E /* Preview Assets.xcassets */ = {isa = PBXFileReference; lastKnownFileType = folder.assetcatalog; path = "Preview Assets.xcassets"; sourceTree = "<group>"; };
		AC9747C9299CE49C005D525E /* Gamemotion.entitlements */ = {isa = PBXFileReference; lastKnownFileType = text.plist.entitlements; path = Gamemotion.entitlements; sourceTree = "<group>"; };
		ACEDE18129A50BF7008C9A71 /* PrologueView.swift */ = {isa = PBXFileReference; lastKnownFileType = sourcecode.swift; path = PrologueView.swift; sourceTree = "<group>"; };
/* End PBXFileReference section */

/* Begin PBXFrameworksBuildPhase section */
		AC9747BA299CE49B005D525E /* Frameworks */ = {
			isa = PBXFrameworksBuildPhase;
			buildActionMask = 2147483647;
			files = (
			);
			runOnlyForDeploymentPostprocessing = 0;
		};
/* End PBXFrameworksBuildPhase section */

/* Begin PBXGroup section */
		88633C1429A4B7610095FFED /* Model */ = {
			isa = PBXGroup;
			children = (
				88633C1229A4B75B0095FFED /* GameController.swift */,
			);
			path = Model;
			sourceTree = "<group>";
		};
		88633C1929A4BF0A0095FFED /* SpriteKit */ = {
			isa = PBXGroup;
			children = (
				88633C1529A4BDC70095FFED /* RageScene.sks */,
				88633C1729A4BF020095FFED /* GroundPhysics.sks */,
				88633C1A29A4BF4F0095FFED /* ExampleTiles.sks */,
				88633C1B29A4BF4F0095FFED /* Assets.xcassets */,
			);
			path = SpriteKit;
			sourceTree = "<group>";
		};
		88633C2229A63A060095FFED /* Components */ = {
			isa = PBXGroup;
			children = (
				88633C2529A63AE90095FFED /* SpriteComponent.swift */,
				88633C3629A7646E0095FFED /* PhysicsComponent.swift */,
			);
			path = Components;
			sourceTree = "<group>";
		};
		88633C2F29A75AF20095FFED /* Entities */ = {
			isa = PBXGroup;
			children = (
				88633C3229A75CD40095FFED /* EntityManager.swift */,
				88633C3029A75B060095FFED /* Player.swift */,
			);
			path = Entities;
			sourceTree = "<group>";
		};
		AC9747B4299CE49B005D525E = {
			isa = PBXGroup;
			children = (
				AC9747BF299CE49B005D525E /* Gamemotion */,
				AC9747BE299CE49B005D525E /* Products */,
			);
			sourceTree = "<group>";
		};
		AC9747BE299CE49B005D525E /* Products */ = {
			isa = PBXGroup;
			children = (
				AC9747BD299CE49B005D525E /* Gamemotion.app */,
			);
			name = Products;
			sourceTree = "<group>";
		};
		AC9747BF299CE49B005D525E /* Gamemotion */ = {
			isa = PBXGroup;
			children = (
				AC9747C0299CE49B005D525E /* GamemotionApp.swift */,
				AC9747C2299CE49B005D525E /* ContentView.swift */,
				ACEDE18029A50B9A008C9A71 /* View */,
				ACE4E45229A4E596000208D2 /* Scene */,
				88633C1429A4B7610095FFED /* Model */,
				88633C1929A4BF0A0095FFED /* SpriteKit */,
				AC9747C4299CE49C005D525E /* Assets.xcassets */,
				AC9747C9299CE49C005D525E /* Gamemotion.entitlements */,
				AC9747C6299CE49C005D525E /* Preview Content */,
			);
			path = Gamemotion;
			sourceTree = "<group>";
		};
		AC9747C6299CE49C005D525E /* Preview Content */ = {
			isa = PBXGroup;
			children = (
				AC9747C7299CE49C005D525E /* Preview Assets.xcassets */,
			);
			path = "Preview Content";
			sourceTree = "<group>";
		};
		ACE4E45229A4E596000208D2 /* Scene */ = {
			isa = PBXGroup;
			children = (
				88633C3429A761310095FFED /* SceneManager.swift */,
				88633C2F29A75AF20095FFED /* Entities */,
				88633C2229A63A060095FFED /* Components */,
			);
			path = Scene;
			sourceTree = "<group>";
		};
		ACEDE18029A50B9A008C9A71 /* View */ = {
			isa = PBXGroup;
			children = (
				ACEDE18129A50BF7008C9A71 /* PrologueView.swift */,
			);
			path = View;
			sourceTree = "<group>";
		};
/* End PBXGroup section */

/* Begin PBXNativeTarget section */
		AC9747BC299CE49B005D525E /* Gamemotion */ = {
			isa = PBXNativeTarget;
			buildConfigurationList = AC9747CC299CE49C005D525E /* Build configuration list for PBXNativeTarget "Gamemotion" */;
			buildPhases = (
				AC9747B9299CE49B005D525E /* Sources */,
				AC9747BA299CE49B005D525E /* Frameworks */,
				AC9747BB299CE49B005D525E /* Resources */,
			);
			buildRules = (
			);
			dependencies = (
			);
			name = Gamemotion;
			productName = Gamemotion;
			productReference = AC9747BD299CE49B005D525E /* Gamemotion.app */;
			productType = "com.apple.product-type.application";
		};
/* End PBXNativeTarget section */

/* Begin PBXProject section */
		AC9747B5299CE49B005D525E /* Project object */ = {
			isa = PBXProject;
			attributes = {
				BuildIndependentTargetsInParallel = 1;
				LastSwiftUpdateCheck = 1420;
				LastUpgradeCheck = 1420;
				TargetAttributes = {
					AC9747BC299CE49B005D525E = {
						CreatedOnToolsVersion = 14.2;
					};
				};
			};
			buildConfigurationList = AC9747B8299CE49B005D525E /* Build configuration list for PBXProject "Gamemotion" */;
			compatibilityVersion = "Xcode 14.0";
			developmentRegion = en;
			hasScannedForEncodings = 0;
			knownRegions = (
				en,
				Base,
			);
			mainGroup = AC9747B4299CE49B005D525E;
			productRefGroup = AC9747BE299CE49B005D525E /* Products */;
			projectDirPath = "";
			projectRoot = "";
			targets = (
				AC9747BC299CE49B005D525E /* Gamemotion */,
			);
		};
/* End PBXProject section */

/* Begin PBXResourcesBuildPhase section */
		AC9747BB299CE49B005D525E /* Resources */ = {
			isa = PBXResourcesBuildPhase;
			buildActionMask = 2147483647;
			files = (
				88633C1629A4BDC70095FFED /* RageScene.sks in Resources */,
				88633C1C29A4BF4F0095FFED /* ExampleTiles.sks in Resources */,
				AC9747C8299CE49C005D525E /* Preview Assets.xcassets in Resources */,
				88633C1829A4BF020095FFED /* GroundPhysics.sks in Resources */,
				88633C1D29A4BF4F0095FFED /* Assets.xcassets in Resources */,
				AC9747C5299CE49C005D525E /* Assets.xcassets in Resources */,
			);
			runOnlyForDeploymentPostprocessing = 0;
		};
/* End PBXResourcesBuildPhase section */

/* Begin PBXSourcesBuildPhase section */
		AC9747B9299CE49B005D525E /* Sources */ = {
			isa = PBXSourcesBuildPhase;
			buildActionMask = 2147483647;
			files = (
				AC9747C3299CE49B005D525E /* ContentView.swift in Sources */,
				88633C1329A4B75B0095FFED /* GameController.swift in Sources */,
				88633C2629A63AE90095FFED /* SpriteComponent.swift in Sources */,
				ACEDE18229A50BF7008C9A71 /* PrologueView.swift in Sources */,
				88633C3529A761310095FFED /* SceneManager.swift in Sources */,
				88633C3129A75B060095FFED /* Player.swift in Sources */,
				88633C3729A7646E0095FFED /* PhysicsComponent.swift in Sources */,
				88633C3329A75CD40095FFED /* EntityManager.swift in Sources */,
				AC9747C1299CE49B005D525E /* GamemotionApp.swift in Sources */,
			);
			runOnlyForDeploymentPostprocessing = 0;
		};
/* End PBXSourcesBuildPhase section */

/* Begin XCBuildConfiguration section */
		AC9747CA299CE49C005D525E /* Debug */ = {
			isa = XCBuildConfiguration;
			buildSettings = {
				ALWAYS_SEARCH_USER_PATHS = NO;
				CLANG_ANALYZER_NONNULL = YES;
				CLANG_ANALYZER_NUMBER_OBJECT_CONVERSION = YES_AGGRESSIVE;
				CLANG_CXX_LANGUAGE_STANDARD = "gnu++20";
				CLANG_ENABLE_MODULES = YES;
				CLANG_ENABLE_OBJC_ARC = YES;
				CLANG_ENABLE_OBJC_WEAK = YES;
				CLANG_WARN_BLOCK_CAPTURE_AUTORELEASING = YES;
				CLANG_WARN_BOOL_CONVERSION = YES;
				CLANG_WARN_COMMA = YES;
				CLANG_WARN_CONSTANT_CONVERSION = YES;
				CLANG_WARN_DEPRECATED_OBJC_IMPLEMENTATIONS = YES;
				CLANG_WARN_DIRECT_OBJC_ISA_USAGE = YES_ERROR;
				CLANG_WARN_DOCUMENTATION_COMMENTS = YES;
				CLANG_WARN_EMPTY_BODY = YES;
				CLANG_WARN_ENUM_CONVERSION = YES;
				CLANG_WARN_INFINITE_RECURSION = YES;
				CLANG_WARN_INT_CONVERSION = YES;
				CLANG_WARN_NON_LITERAL_NULL_CONVERSION = YES;
				CLANG_WARN_OBJC_IMPLICIT_RETAIN_SELF = YES;
				CLANG_WARN_OBJC_LITERAL_CONVERSION = YES;
				CLANG_WARN_OBJC_ROOT_CLASS = YES_ERROR;
				CLANG_WARN_QUOTED_INCLUDE_IN_FRAMEWORK_HEADER = YES;
				CLANG_WARN_RANGE_LOOP_ANALYSIS = YES;
				CLANG_WARN_STRICT_PROTOTYPES = YES;
				CLANG_WARN_SUSPICIOUS_MOVE = YES;
				CLANG_WARN_UNGUARDED_AVAILABILITY = YES_AGGRESSIVE;
				CLANG_WARN_UNREACHABLE_CODE = YES;
				CLANG_WARN__DUPLICATE_METHOD_MATCH = YES;
				COPY_PHASE_STRIP = NO;
				DEBUG_INFORMATION_FORMAT = dwarf;
				ENABLE_STRICT_OBJC_MSGSEND = YES;
				ENABLE_TESTABILITY = YES;
				GCC_C_LANGUAGE_STANDARD = gnu11;
				GCC_DYNAMIC_NO_PIC = NO;
				GCC_NO_COMMON_BLOCKS = YES;
				GCC_OPTIMIZATION_LEVEL = 0;
				GCC_PREPROCESSOR_DEFINITIONS = (
					"DEBUG=1",
					"$(inherited)",
				);
				GCC_WARN_64_TO_32_BIT_CONVERSION = YES;
				GCC_WARN_ABOUT_RETURN_TYPE = YES_ERROR;
				GCC_WARN_UNDECLARED_SELECTOR = YES;
				GCC_WARN_UNINITIALIZED_AUTOS = YES_AGGRESSIVE;
				GCC_WARN_UNUSED_FUNCTION = YES;
				GCC_WARN_UNUSED_VARIABLE = YES;
				MACOSX_DEPLOYMENT_TARGET = 12.0;
				MTL_ENABLE_DEBUG_INFO = INCLUDE_SOURCE;
				MTL_FAST_MATH = YES;
				ONLY_ACTIVE_ARCH = YES;
				SDKROOT = macosx;
				SWIFT_ACTIVE_COMPILATION_CONDITIONS = DEBUG;
				SWIFT_OPTIMIZATION_LEVEL = "-Onone";
			};
			name = Debug;
		};
		AC9747CB299CE49C005D525E /* Release */ = {
			isa = XCBuildConfiguration;
			buildSettings = {
				ALWAYS_SEARCH_USER_PATHS = NO;
				CLANG_ANALYZER_NONNULL = YES;
				CLANG_ANALYZER_NUMBER_OBJECT_CONVERSION = YES_AGGRESSIVE;
				CLANG_CXX_LANGUAGE_STANDARD = "gnu++20";
				CLANG_ENABLE_MODULES = YES;
				CLANG_ENABLE_OBJC_ARC = YES;
				CLANG_ENABLE_OBJC_WEAK = YES;
				CLANG_WARN_BLOCK_CAPTURE_AUTORELEASING = YES;
				CLANG_WARN_BOOL_CONVERSION = YES;
				CLANG_WARN_COMMA = YES;
				CLANG_WARN_CONSTANT_CONVERSION = YES;
				CLANG_WARN_DEPRECATED_OBJC_IMPLEMENTATIONS = YES;
				CLANG_WARN_DIRECT_OBJC_ISA_USAGE = YES_ERROR;
				CLANG_WARN_DOCUMENTATION_COMMENTS = YES;
				CLANG_WARN_EMPTY_BODY = YES;
				CLANG_WARN_ENUM_CONVERSION = YES;
				CLANG_WARN_INFINITE_RECURSION = YES;
				CLANG_WARN_INT_CONVERSION = YES;
				CLANG_WARN_NON_LITERAL_NULL_CONVERSION = YES;
				CLANG_WARN_OBJC_IMPLICIT_RETAIN_SELF = YES;
				CLANG_WARN_OBJC_LITERAL_CONVERSION = YES;
				CLANG_WARN_OBJC_ROOT_CLASS = YES_ERROR;
				CLANG_WARN_QUOTED_INCLUDE_IN_FRAMEWORK_HEADER = YES;
				CLANG_WARN_RANGE_LOOP_ANALYSIS = YES;
				CLANG_WARN_STRICT_PROTOTYPES = YES;
				CLANG_WARN_SUSPICIOUS_MOVE = YES;
				CLANG_WARN_UNGUARDED_AVAILABILITY = YES_AGGRESSIVE;
				CLANG_WARN_UNREACHABLE_CODE = YES;
				CLANG_WARN__DUPLICATE_METHOD_MATCH = YES;
				COPY_PHASE_STRIP = NO;
				DEBUG_INFORMATION_FORMAT = "dwarf-with-dsym";
				ENABLE_NS_ASSERTIONS = NO;
				ENABLE_STRICT_OBJC_MSGSEND = YES;
				GCC_C_LANGUAGE_STANDARD = gnu11;
				GCC_NO_COMMON_BLOCKS = YES;
				GCC_WARN_64_TO_32_BIT_CONVERSION = YES;
				GCC_WARN_ABOUT_RETURN_TYPE = YES_ERROR;
				GCC_WARN_UNDECLARED_SELECTOR = YES;
				GCC_WARN_UNINITIALIZED_AUTOS = YES_AGGRESSIVE;
				GCC_WARN_UNUSED_FUNCTION = YES;
				GCC_WARN_UNUSED_VARIABLE = YES;
				MACOSX_DEPLOYMENT_TARGET = 12.0;
				MTL_ENABLE_DEBUG_INFO = NO;
				MTL_FAST_MATH = YES;
				SDKROOT = macosx;
				SWIFT_COMPILATION_MODE = wholemodule;
				SWIFT_OPTIMIZATION_LEVEL = "-O";
			};
			name = Release;
		};
		AC9747CD299CE49C005D525E /* Debug */ = {
			isa = XCBuildConfiguration;
			buildSettings = {
				ASSETCATALOG_COMPILER_APPICON_NAME = AppIcon;
				ASSETCATALOG_COMPILER_GLOBAL_ACCENT_COLOR_NAME = AccentColor;
				CODE_SIGN_ENTITLEMENTS = Gamemotion/Gamemotion.entitlements;
				CODE_SIGN_STYLE = Automatic;
				COMBINE_HIDPI_IMAGES = YES;
				CURRENT_PROJECT_VERSION = 1;
				DEVELOPMENT_ASSET_PATHS = "\"Gamemotion/Preview Content\"";
				DEVELOPMENT_TEAM = AVG85342HW;
				ENABLE_HARDENED_RUNTIME = YES;
				ENABLE_PREVIEWS = YES;
				GENERATE_INFOPLIST_FILE = YES;
				INFOPLIST_KEY_NSHumanReadableCopyright = "";
				LD_RUNPATH_SEARCH_PATHS = (
					"$(inherited)",
					"@executable_path/../Frameworks",
				);
				MARKETING_VERSION = 1.0;
				PRODUCT_BUNDLE_IDENTIFIER = angelicaHtetMyat.Gamemotion;
				PRODUCT_NAME = "$(TARGET_NAME)";
				SWIFT_EMIT_LOC_STRINGS = YES;
				SWIFT_VERSION = 5.0;
			};
			name = Debug;
		};
		AC9747CE299CE49C005D525E /* Release */ = {
			isa = XCBuildConfiguration;
			buildSettings = {
				ASSETCATALOG_COMPILER_APPICON_NAME = AppIcon;
				ASSETCATALOG_COMPILER_GLOBAL_ACCENT_COLOR_NAME = AccentColor;
				CODE_SIGN_ENTITLEMENTS = Gamemotion/Gamemotion.entitlements;
				CODE_SIGN_STYLE = Automatic;
				COMBINE_HIDPI_IMAGES = YES;
				CURRENT_PROJECT_VERSION = 1;
				DEVELOPMENT_ASSET_PATHS = "\"Gamemotion/Preview Content\"";
				DEVELOPMENT_TEAM = AVG85342HW;
				ENABLE_HARDENED_RUNTIME = YES;
				ENABLE_PREVIEWS = YES;
				GENERATE_INFOPLIST_FILE = YES;
				INFOPLIST_KEY_NSHumanReadableCopyright = "";
				LD_RUNPATH_SEARCH_PATHS = (
					"$(inherited)",
					"@executable_path/../Frameworks",
				);
				MARKETING_VERSION = 1.0;
				PRODUCT_BUNDLE_IDENTIFIER = angelicaHtetMyat.Gamemotion;
				PRODUCT_NAME = "$(TARGET_NAME)";
				SWIFT_EMIT_LOC_STRINGS = YES;
				SWIFT_VERSION = 5.0;
			};
			name = Release;
		};
/* End XCBuildConfiguration section */

/* Begin XCConfigurationList section */
		AC9747B8299CE49B005D525E /* Build configuration list for PBXProject "Gamemotion" */ = {
			isa = XCConfigurationList;
			buildConfigurations = (
				AC9747CA299CE49C005D525E /* Debug */,
				AC9747CB299CE49C005D525E /* Release */,
			);
			defaultConfigurationIsVisible = 0;
			defaultConfigurationName = Release;
		};
		AC9747CC299CE49C005D525E /* Build configuration list for PBXNativeTarget "Gamemotion" */ = {
			isa = XCConfigurationList;
			buildConfigurations = (
				AC9747CD299CE49C005D525E /* Debug */,
				AC9747CE299CE49C005D525E /* Release */,
			);
			defaultConfigurationIsVisible = 0;
			defaultConfigurationName = Release;
		};
/* End XCConfigurationList section */
	};
	rootObject = AC9747B5299CE49B005D525E /* Project object */;
}
